
Microsoft Visual Studio Solution File, Format Version 12.00
# Visual Studio Version 16
VisualStudioVersion = 16.0.29020.237
MinimumVisualStudioVersion = 10.0.40219.1
Project("{FAE04EC0-301F-11D3-BF4B-00C04F79EFBC}") = "Fixbi", "Fixbi\Fixbi.csproj", "{89B2D013-AEC4-4960-84DA-3780D1FCC21F}"
EndProject
Global
	GlobalSection(SolutionConfigurationPlatforms) = preSolution
		Debug|Any CPU = Debug|Any CPU
		Release|Any CPU = Release|Any CPU
	EndGlobalSection
	GlobalSection(ProjectConfigurationPlatforms) = postSolution
		{89B2D013-AEC4-4960-84DA-3780D1FCC21F}.Debug|Any CPU.ActiveCfg = Debug|Any CPU
		{89B2D013-AEC4-4960-84DA-3780D1FCC21F}.Debug|Any CPU.Build.0 = Debug|Any CPU
		{89B2D013-AEC4-4960-84DA-3780D1FCC21F}.Release|Any CPU.ActiveCfg = Release|Any CPU
		{89B2D013-AEC4-4960-84DA-3780D1FCC21F}.Release|Any CPU.Build.0 = Release|Any CPU
	EndGlobalSection
	GlobalSection(SolutionProperties) = preSolution
		HideSolutionNode = FALSE
	EndGlobalSection
	GlobalSection(ExtensibilityGlobals) = postSolution
		SolutionGuid = {0E1D0D63-CF65-4D97-BEF3-46B6C358387A}
	EndGlobalSection
EndGlobal
